
Microsoft Visual Studio Solution File, Format Version 12.00
# Visual Studio Version 17
VisualStudioVersion = 17.3.32929.385
MinimumVisualStudioVersion = 10.0.40219.1
Project("{8BC9CEB8-8B4A-11D0-8D11-00A0C91BC942}") = "MesaLib", "MesaLib.vcxproj", "{B6293DC7-7988-4595-B42B-C1B82C8D0CB9}"
EndProject
Project("{8BC9CEB8-8B4A-11D0-8D11-00A0C91BC942}") = "gld9", "gld9.vcxproj", "{3B26FE1A-4046-4401-8B1B-57931B9C089A}"
EndProject
Global
	GlobalSection(SolutionConfigurationPlatforms) = preSolution
		Debug|ARM = Debug|ARM
		Debug|ARM64 = Debug|ARM64
		Debug|ARM64EC = Debug|ARM64EC
		Debug|CHPE = Debug|CHPE
		Debug|Win32 = Debug|Win32
		Debug|x64 = Debug|x64
		NullDriver_Release|ARM = NullDriver_Release|ARM
		NullDriver_Release|ARM64 = NullDriver_Release|ARM64
		NullDriver_Release|ARM64EC = NullDriver_Release|ARM64EC
		NullDriver_Release|CHPE = NullDriver_Release|CHPE
		NullDriver_Release|Win32 = NullDriver_Release|Win32
		NullDriver_Release|x64 = NullDriver_Release|x64
		Release|ARM = Release|ARM
		Release|ARM64 = Release|ARM64
		Release|ARM64EC = Release|ARM64EC
		Release|CHPE = Release|CHPE
		Release|Win32 = Release|Win32
		Release|x64 = Release|x64
	EndGlobalSection
	GlobalSection(ProjectConfigurationPlatforms) = postSolution
		{B6293DC7-7988-4595-B42B-C1B82C8D0CB9}.Debug|ARM.ActiveCfg = Debug|ARM
		{B6293DC7-7988-4595-B42B-C1B82C8D0CB9}.Debug|ARM.Build.0 = Debug|ARM
		{B6293DC7-7988-4595-B42B-C1B82C8D0CB9}.Debug|ARM64.ActiveCfg = Debug|ARM64
		{B6293DC7-7988-4595-B42B-C1B82C8D0CB9}.Debug|ARM64.Build.0 = Debug|ARM64
		{B6293DC7-7988-4595-B42B-C1B82C8D0CB9}.Debug|ARM64EC.ActiveCfg = Debug|ARM64EC
		{B6293DC7-7988-4595-B42B-C1B82C8D0CB9}.Debug|ARM64EC.Build.0 = Debug|ARM64EC
		{B6293DC7-7988-4595-B42B-C1B82C8D0CB9}.Debug|CHPE.ActiveCfg = Debug|CHPE
		{B6293DC7-7988-4595-B42B-C1B82C8D0CB9}.Debug|CHPE.Build.0 = Debug|CHPE
		{B6293DC7-7988-4595-B42B-C1B82C8D0CB9}.Debug|Win32.ActiveCfg = Debug|Win32
		{B6293DC7-7988-4595-B42B-C1B82C8D0CB9}.Debug|Win32.Build.0 = Debug|Win32
		{B6293DC7-7988-4595-B42B-C1B82C8D0CB9}.Debug|x64.ActiveCfg = Debug|x64
		{B6293DC7-7988-4595-B42B-C1B82C8D0CB9}.Debug|x64.Build.0 = Debug|x64
		{B6293DC7-7988-4595-B42B-C1B82C8D0CB9}.NullDriver_Release|ARM.ActiveCfg = Release|ARM
		{B6293DC7-7988-4595-B42B-C1B82C8D0CB9}.NullDriver_Release|ARM.Build.0 = Release|ARM
		{B6293DC7-7988-4595-B42B-C1B82C8D0CB9}.NullDriver_Release|ARM64.ActiveCfg = Release|ARM64
		{B6293DC7-7988-4595-B42B-C1B82C8D0CB9}.NullDriver_Release|ARM64.Build.0 = Release|ARM64
		{B6293DC7-7988-4595-B42B-C1B82C8D0CB9}.NullDriver_Release|ARM64EC.ActiveCfg = Release|ARM64EC
		{B6293DC7-7988-4595-B42B-C1B82C8D0CB9}.NullDriver_Release|ARM64EC.Build.0 = Release|ARM64EC
		{B6293DC7-7988-4595-B42B-C1B82C8D0CB9}.NullDriver_Release|CHPE.ActiveCfg = Release|CHPE
		{B6293DC7-7988-4595-B42B-C1B82C8D0CB9}.NullDriver_Release|CHPE.Build.0 = Release|CHPE
		{B6293DC7-7988-4595-B42B-C1B82C8D0CB9}.NullDriver_Release|Win32.ActiveCfg = Release|Win32
		{B6293DC7-7988-4595-B42B-C1B82C8D0CB9}.NullDriver_Release|Win32.Build.0 = Release|Win32
		{B6293DC7-7988-4595-B42B-C1B82C8D0CB9}.NullDriver_Release|x64.ActiveCfg = Release|Win32
		{B6293DC7-7988-4595-B42B-C1B82C8D0CB9}.NullDriver_Release|x64.Build.0 = Release|Win32
		{B6293DC7-7988-4595-B42B-C1B82C8D0CB9}.Release|ARM.ActiveCfg = Release|ARM
		{B6293DC7-7988-4595-B42B-C1B82C8D0CB9}.Release|ARM.Build.0 = Release|ARM
		{B6293DC7-7988-4595-B42B-C1B82C8D0CB9}.Release|ARM64.ActiveCfg = Release|ARM64
		{B6293DC7-7988-4595-B42B-C1B82C8D0CB9}.Release|ARM64.Build.0 = Release|ARM64
		{B6293DC7-7988-4595-B42B-C1B82C8D0CB9}.Release|ARM64EC.ActiveCfg = Release|ARM64EC
		{B6293DC7-7988-4595-B42B-C1B82C8D0CB9}.Release|ARM64EC.Build.0 = Release|ARM64EC
		{B6293DC7-7988-4595-B42B-C1B82C8D0CB9}.Release|CHPE.ActiveCfg = Release|CHPE
		{B6293DC7-7988-4595-B42B-C1B82C8D0CB9}.Release|CHPE.Build.0 = Release|CHPE
		{B6293DC7-7988-4595-B42B-C1B82C8D0CB9}.Release|Win32.ActiveCfg = Release|Win32
		{B6293DC7-7988-4595-B42B-C1B82C8D0CB9}.Release|Win32.Build.0 = Release|Win32
		{B6293DC7-7988-4595-B42B-C1B82C8D0CB9}.Release|x64.ActiveCfg = Release|Win32
		{B6293DC7-7988-4595-B42B-C1B82C8D0CB9}.Release|x64.Build.0 = Release|Win32
		{3B26FE1A-4046-4401-8B1B-57931B9C089A}.Debug|ARM.ActiveCfg = Debug|ARM
		{3B26FE1A-4046-4401-8B1B-57931B9C089A}.Debug|ARM.Build.0 = Debug|ARM
		{3B26FE1A-4046-4401-8B1B-57931B9C089A}.Debug|ARM64.ActiveCfg = Debug|ARM64
		{3B26FE1A-4046-4401-8B1B-57931B9C089A}.Debug|ARM64.Build.0 = Debug|ARM64
		{3B26FE1A-4046-4401-8B1B-57931B9C089A}.Debug|ARM64EC.ActiveCfg = Debug|ARM64EC
		{3B26FE1A-4046-4401-8B1B-57931B9C089A}.Debug|ARM64EC.Build.0 = Debug|ARM64EC
		{3B26FE1A-4046-4401-8B1B-57931B9C089A}.Debug|CHPE.ActiveCfg = Debug|CHPE
		{3B26FE1A-4046-4401-8B1B-57931B9C089A}.Debug|CHPE.Build.0 = Debug|CHPE
		{3B26FE1A-4046-4401-8B1B-57931B9C089A}.Debug|Win32.ActiveCfg = Debug|Win32
		{3B26FE1A-4046-4401-8B1B-57931B9C089A}.Debug|Win32.Build.0 = Debug|Win32
		{3B26FE1A-4046-4401-8B1B-57931B9C089A}.Debug|x64.ActiveCfg = Debug|x64
		{3B26FE1A-4046-4401-8B1B-57931B9C089A}.Debug|x64.Build.0 = Debug|x64
		{3B26FE1A-4046-4401-8B1B-57931B9C089A}.NullDriver_Release|ARM.ActiveCfg = NullDriver_Release|ARM
		{3B26FE1A-4046-4401-8B1B-57931B9C089A}.NullDriver_Release|ARM.Build.0 = NullDriver_Release|ARM
		{3B26FE1A-4046-4401-8B1B-57931B9C089A}.NullDriver_Release|ARM64.ActiveCfg = NullDriver_Release|ARM64
		{3B26FE1A-4046-4401-8B1B-57931B9C089A}.NullDriver_Release|ARM64.Build.0 = NullDriver_Release|ARM64
		{3B26FE1A-4046-4401-8B1B-57931B9C089A}.NullDriver_Release|ARM64EC.ActiveCfg = NullDriver_Release|ARM64EC
		{3B26FE1A-4046-4401-8B1B-57931B9C089A}.NullDriver_Release|ARM64EC.Build.0 = NullDriver_Release|ARM64EC
		{3B26FE1A-4046-4401-8B1B-57931B9C089A}.NullDriver_Release|CHPE.ActiveCfg = NullDriver_Release|CHPE
		{3B26FE1A-4046-4401-8B1B-57931B9C089A}.NullDriver_Release|CHPE.Build.0 = NullDriver_Release|CHPE
		{3B26FE1A-4046-4401-8B1B-57931B9C089A}.NullDriver_Release|Win32.ActiveCfg = NullDriver_Release|Win32
		{3B26FE1A-4046-4401-8B1B-57931B9C089A}.NullDriver_Release|Win32.Build.0 = NullDriver_Release|Win32
		{3B26FE1A-4046-4401-8B1B-57931B9C089A}.NullDriver_Release|x64.ActiveCfg = NullDriver_Release|x64
		{3B26FE1A-4046-4401-8B1B-57931B9C089A}.NullDriver_Release|x64.Build.0 = NullDriver_Release|x64
		{3B26FE1A-4046-4401-8B1B-57931B9C089A}.Release|ARM.ActiveCfg = Release|ARM
		{3B26FE1A-4046-4401-8B1B-57931B9C089A}.Release|ARM.Build.0 = Release|ARM
		{3B26FE1A-4046-4401-8B1B-57931B9C089A}.Release|ARM64.ActiveCfg = Release|ARM64
		{3B26FE1A-4046-4401-8B1B-57931B9C089A}.Release|ARM64.Build.0 = Release|ARM64
		{3B26FE1A-4046-4401-8B1B-57931B9C089A}.Release|ARM64EC.ActiveCfg = Release|ARM64EC
		{3B26FE1A-4046-4401-8B1B-57931B9C089A}.Release|ARM64EC.Build.0 = Release|ARM64EC
		{3B26FE1A-4046-4401-8B1B-57931B9C089A}.Release|CHPE.ActiveCfg = Release|CHPE
		{3B26FE1A-4046-4401-8B1B-57931B9C089A}.Release|CHPE.Build.0 = Release|CHPE
		{3B26FE1A-4046-4401-8B1B-57931B9C089A}.Release|Win32.ActiveCfg = Release|Win32
		{3B26FE1A-4046-4401-8B1B-57931B9C089A}.Release|Win32.Build.0 = Release|Win32
		{3B26FE1A-4046-4401-8B1B-57931B9C089A}.Release|x64.ActiveCfg = Release|x64
		{3B26FE1A-4046-4401-8B1B-57931B9C089A}.Release|x64.Build.0 = Release|x64
	EndGlobalSection
	GlobalSection(SolutionProperties) = preSolution
		HideSolutionNode = FALSE
	EndGlobalSection
	GlobalSection(ExtensibilityGlobals) = postSolution
		SolutionGuid = {7C7930B6-B630-40C1-A78E-C4F20CE46939}
	EndGlobalSection
EndGlobal
